
Microsoft Visual Studio Solution File, Format Version 12.00
# Visual Studio Version 16
VisualStudioVersion = 16.0.30204.135
MinimumVisualStudioVersion = 10.0.40219.1
Project("{FAE04EC0-301F-11D3-BF4B-00C04F79EFBC}") = "An_FolderMaker", "An_FolderMaker\An_FolderMaker.csproj", "{A5921EBC-7A33-4BAA-B303-67775FF1E01F}"
EndProject
Global
	GlobalSection(SolutionConfigurationPlatforms) = preSolution
		Debug|Any CPU = Debug|Any CPU
		Release|Any CPU = Release|Any CPU
	EndGlobalSection
	GlobalSection(ProjectConfigurationPlatforms) = postSolution
		{A5921EBC-7A33-4BAA-B303-67775FF1E01F}.Debug|Any CPU.ActiveCfg = Debug|Any CPU
		{A5921EBC-7A33-4BAA-B303-67775FF1E01F}.Debug|Any CPU.Build.0 = Debug|Any CPU
		{A5921EBC-7A33-4BAA-B303-67775FF1E01F}.Release|Any CPU.ActiveCfg = Release|Any CPU
		{A5921EBC-7A33-4BAA-B303-67775FF1E01F}.Release|Any CPU.Build.0 = Release|Any CPU
	EndGlobalSection
	GlobalSection(SolutionProperties) = preSolution
		HideSolutionNode = FALSE
	EndGlobalSection
	GlobalSection(ExtensibilityGlobals) = postSolution
		SolutionGuid = {E8474E08-DB25-4462-8A57-0457F78F6B6A}
	EndGlobalSection
EndGlobal
